// !$*UTF8*$!
{
	archiveVersion = 1;
	classes = {
	};
	objectVersion = 56;
	objects = {

/* Begin PBXBuildFile section */
		D20F13522C2AD6CF00756153 /* AppDelegate.m in Sources */ = {isa = PBXBuildFile; fileRef = D20F13512C2AD6CF00756153 /* AppDelegate.m */; };
		D20F13552C2AD6CF00756153 /* SceneDelegate.m in Sources */ = {isa = PBXBuildFile; fileRef = D20F13542C2AD6CF00756153 /* SceneDelegate.m */; };
		D20F13582C2AD6CF00756153 /* GTNewsViewController.m in Sources */ = {isa = PBXBuildFile; fileRef = D20F13572C2AD6CF00756153 /* GTNewsViewController.m */; };
		D20F135B2C2AD6CF00756153 /* Main.storyboard in Resources */ = {isa = PBXBuildFile; fileRef = D20F13592C2AD6CF00756153 /* Main.storyboard */; };
		D20F135D2C2AD6D000756153 /* Assets.xcassets in Resources */ = {isa = PBXBuildFile; fileRef = D20F135C2C2AD6D000756153 /* Assets.xcassets */; };
		D20F13602C2AD6D000756153 /* LaunchScreen.storyboard in Resources */ = {isa = PBXBuildFile; fileRef = D20F135E2C2AD6D000756153 /* LaunchScreen.storyboard */; };
		D20F13632C2AD6D000756153 /* main.m in Sources */ = {isa = PBXBuildFile; fileRef = D20F13622C2AD6D000756153 /* main.m */; };
		D2143AF52C2C05BF00607EFF /* GTVideoViewController.m in Sources */ = {isa = PBXBuildFile; fileRef = D2143AF42C2C05BF00607EFF /* GTVideoViewController.m */; };
		D2143AF82C2C179E00607EFF /* GTRecommendViewController.m in Sources */ = {isa = PBXBuildFile; fileRef = D2143AF72C2C179E00607EFF /* GTRecommendViewController.m */; };
		D2143AFB2C2C4EC400607EFF /* GTNormalTableViewCell.m in Sources */ = {isa = PBXBuildFile; fileRef = D2143AFA2C2C4EC400607EFF /* GTNormalTableViewCell.m */; };
		D2274F5B2C6CD00300750F44 /* CustomWebViewController.m in Sources */ = {isa = PBXBuildFile; fileRef = D2274F5A2C6CD00300750F44 /* CustomWebViewController.m */; };
		D23B81532C53C88200D86A53 /* AppDelegate.m in Sources */ = {isa = PBXBuildFile; fileRef = D23B81522C53C88200D86A53 /* AppDelegate.m */; };
		D23B81562C53C88200D86A53 /* SceneDelegate.m in Sources */ = {isa = PBXBuildFile; fileRef = D23B81552C53C88200D86A53 /* SceneDelegate.m */; };
		D23B81592C53C88200D86A53 /* GTNewsViewController.m in Sources */ = {isa = PBXBuildFile; fileRef = D23B81582C53C88200D86A53 /* GTNewsViewController.m */; };
		D23B815C2C53C88200D86A53 /* Main.storyboard in Resources */ = {isa = PBXBuildFile; fileRef = D23B815A2C53C88200D86A53 /* Main.storyboard */; };
		D23B815E2C53C88400D86A53 /* Assets.xcassets in Resources */ = {isa = PBXBuildFile; fileRef = D23B815D2C53C88400D86A53 /* Assets.xcassets */; };
		D23B81612C53C88400D86A53 /* LaunchScreen.storyboard in Resources */ = {isa = PBXBuildFile; fileRef = D23B815F2C53C88400D86A53 /* LaunchScreen.storyboard */; };
		D23B81642C53C88400D86A53 /* main.m in Sources */ = {isa = PBXBuildFile; fileRef = D23B81632C53C88400D86A53 /* main.m */; };
		D2882DAB2C464F91009D4ACE /* AppDelegate.m in Sources */ = {isa = PBXBuildFile; fileRef = D2882DAA2C464F91009D4ACE /* AppDelegate.m */; };
		D2882DAE2C464F91009D4ACE /* SceneDelegate.m in Sources */ = {isa = PBXBuildFile; fileRef = D2882DAD2C464F91009D4ACE /* SceneDelegate.m */; };
		D2882DB42C464F91009D4ACE /* Main.storyboard in Resources */ = {isa = PBXBuildFile; fileRef = D2882DB22C464F91009D4ACE /* Main.storyboard */; };
		D2882DB62C464F92009D4ACE /* Assets.xcassets in Resources */ = {isa = PBXBuildFile; fileRef = D2882DB52C464F92009D4ACE /* Assets.xcassets */; };
		D2882DB92C464F92009D4ACE /* LaunchScreen.storyboard in Resources */ = {isa = PBXBuildFile; fileRef = D2882DB72C464F92009D4ACE /* LaunchScreen.storyboard */; };
		D2882DBC2C464F92009D4ACE /* main.m in Sources */ = {isa = PBXBuildFile; fileRef = D2882DBB2C464F92009D4ACE /* main.m */; };
		D2882DC42C465707009D4ACE /* CustomViewController.m in Sources */ = {isa = PBXBuildFile; fileRef = D2882DC32C465707009D4ACE /* CustomViewController.m */; };
		D2882DC82C4657CF009D4ACE /* CustomTableViewCell.m in Sources */ = {isa = PBXBuildFile; fileRef = D2882DC72C4657CF009D4ACE /* CustomTableViewCell.m */; };
		D2882DCC2C4665EC009D4ACE /* icon.bundle in Resources */ = {isa = PBXBuildFile; fileRef = D2882DCB2C4665EC009D4ACE /* icon.bundle */; };
		D2A0D04A2C77113A00BBB05A /* GTListLoader.m in Sources */ = {isa = PBXBuildFile; fileRef = D2A0D0492C77113A00BBB05A /* GTListLoader.m */; };
		D2BF4BC82C2E915000E09AAE /* GTDetailViewController.m in Sources */ = {isa = PBXBuildFile; fileRef = D2BF4BC72C2E915000E09AAE /* GTDetailViewController.m */; };
		D2BF4BCF2C2ED01800E09AAE /* GTDeleteCellView.m in Sources */ = {isa = PBXBuildFile; fileRef = D2BF4BCE2C2ED01800E09AAE /* GTDeleteCellView.m */; };
/* End PBXBuildFile section */

/* Begin PBXFileReference section */
		D20F134E2C2AD6CF00756153 /* SampleApp.app */ = {isa = PBXFileReference; explicitFileType = wrapper.application; includeInIndex = 0; path = SampleApp.app; sourceTree = BUILT_PRODUCTS_DIR; };
		D20F13502C2AD6CF00756153 /* AppDelegate.h */ = {isa = PBXFileReference; lastKnownFileType = sourcecode.c.h; path = AppDelegate.h; sourceTree = "<group>"; };
		D20F13512C2AD6CF00756153 /* AppDelegate.m */ = {isa = PBXFileReference; lastKnownFileType = sourcecode.c.objc; path = AppDelegate.m; sourceTree = "<group>"; };
		D20F13532C2AD6CF00756153 /* SceneDelegate.h */ = {isa = PBXFileReference; lastKnownFileType = sourcecode.c.h; path = SceneDelegate.h; sourceTree = "<group>"; };
		D20F13542C2AD6CF00756153 /* SceneDelegate.m */ = {isa = PBXFileReference; lastKnownFileType = sourcecode.c.objc; path = SceneDelegate.m; sourceTree = "<group>"; };
		D20F13562C2AD6CF00756153 /* GTNewsViewController.h */ = {isa = PBXFileReference; lastKnownFileType = sourcecode.c.h; path = GTNewsViewController.h; sourceTree = "<group>"; };
		D20F13572C2AD6CF00756153 /* GTNewsViewController.m */ = {isa = PBXFileReference; lastKnownFileType = sourcecode.c.objc; path = GTNewsViewController.m; sourceTree = "<group>"; };
		D20F135A2C2AD6CF00756153 /* Base */ = {isa = PBXFileReference; lastKnownFileType = file.storyboard; name = Base; path = Base.lproj/Main.storyboard; sourceTree = "<group>"; };
		D20F135C2C2AD6D000756153 /* Assets.xcassets */ = {isa = PBXFileReference; lastKnownFileType = folder.assetcatalog; path = Assets.xcassets; sourceTree = "<group>"; };
		D20F135F2C2AD6D000756153 /* Base */ = {isa = PBXFileReference; lastKnownFileType = file.storyboard; name = Base; path = Base.lproj/LaunchScreen.storyboard; sourceTree = "<group>"; };
		D20F13612C2AD6D000756153 /* Info.plist */ = {isa = PBXFileReference; lastKnownFileType = text.plist.xml; path = Info.plist; sourceTree = "<group>"; };
		D20F13622C2AD6D000756153 /* main.m */ = {isa = PBXFileReference; lastKnownFileType = sourcecode.c.objc; path = main.m; sourceTree = "<group>"; };
		D2143AF32C2C05BF00607EFF /* GTVideoViewController.h */ = {isa = PBXFileReference; lastKnownFileType = sourcecode.c.h; path = GTVideoViewController.h; sourceTree = "<group>"; };
		D2143AF42C2C05BF00607EFF /* GTVideoViewController.m */ = {isa = PBXFileReference; lastKnownFileType = sourcecode.c.objc; path = GTVideoViewController.m; sourceTree = "<group>"; };
		D2143AF62C2C179E00607EFF /* GTRecommendViewController.h */ = {isa = PBXFileReference; lastKnownFileType = sourcecode.c.h; path = GTRecommendViewController.h; sourceTree = "<group>"; };
		D2143AF72C2C179E00607EFF /* GTRecommendViewController.m */ = {isa = PBXFileReference; lastKnownFileType = sourcecode.c.objc; path = GTRecommendViewController.m; sourceTree = "<group>"; };
		D2143AF92C2C4EC400607EFF /* GTNormalTableViewCell.h */ = {isa = PBXFileReference; lastKnownFileType = sourcecode.c.h; path = GTNormalTableViewCell.h; sourceTree = "<group>"; };
		D2143AFA2C2C4EC400607EFF /* GTNormalTableViewCell.m */ = {isa = PBXFileReference; lastKnownFileType = sourcecode.c.objc; path = GTNormalTableViewCell.m; sourceTree = "<group>"; };
		D2274F592C6CD00300750F44 /* CustomWebViewController.h */ = {isa = PBXFileReference; lastKnownFileType = sourcecode.c.h; path = CustomWebViewController.h; sourceTree = "<group>"; };
		D2274F5A2C6CD00300750F44 /* CustomWebViewController.m */ = {isa = PBXFileReference; lastKnownFileType = sourcecode.c.objc; path = CustomWebViewController.m; sourceTree = "<group>"; };
		D23B814F2C53C88200D86A53 /* Demo1.app */ = {isa = PBXFileReference; explicitFileType = wrapper.application; includeInIndex = 0; path = Demo1.app; sourceTree = BUILT_PRODUCTS_DIR; };
		D23B81512C53C88200D86A53 /* AppDelegate.h */ = {isa = PBXFileReference; lastKnownFileType = sourcecode.c.h; path = AppDelegate.h; sourceTree = "<group>"; };
		D23B81522C53C88200D86A53 /* AppDelegate.m */ = {isa = PBXFileReference; lastKnownFileType = sourcecode.c.objc; path = AppDelegate.m; sourceTree = "<group>"; };
		D23B81542C53C88200D86A53 /* SceneDelegate.h */ = {isa = PBXFileReference; lastKnownFileType = sourcecode.c.h; path = SceneDelegate.h; sourceTree = "<group>"; };
		D23B81552C53C88200D86A53 /* SceneDelegate.m */ = {isa = PBXFileReference; lastKnownFileType = sourcecode.c.objc; path = SceneDelegate.m; sourceTree = "<group>"; };
		D23B81572C53C88200D86A53 /* GTNewsViewController.h */ = {isa = PBXFileReference; lastKnownFileType = sourcecode.c.h; path = GTNewsViewController.h; sourceTree = "<group>"; };
		D23B81582C53C88200D86A53 /* GTNewsViewController.m */ = {isa = PBXFileReference; lastKnownFileType = sourcecode.c.objc; path = GTNewsViewController.m; sourceTree = "<group>"; };
		D23B815B2C53C88200D86A53 /* Base */ = {isa = PBXFileReference; lastKnownFileType = file.storyboard; name = Base; path = Base.lproj/Main.storyboard; sourceTree = "<group>"; };
		D23B815D2C53C88400D86A53 /* Assets.xcassets */ = {isa = PBXFileReference; lastKnownFileType = folder.assetcatalog; path = Assets.xcassets; sourceTree = "<group>"; };
		D23B81602C53C88400D86A53 /* Base */ = {isa = PBXFileReference; lastKnownFileType = file.storyboard; name = Base; path = Base.lproj/LaunchScreen.storyboard; sourceTree = "<group>"; };
		D23B81622C53C88400D86A53 /* Info.plist */ = {isa = PBXFileReference; lastKnownFileType = text.plist.xml; path = Info.plist; sourceTree = "<group>"; };
		D23B81632C53C88400D86A53 /* main.m */ = {isa = PBXFileReference; lastKnownFileType = sourcecode.c.objc; path = main.m; sourceTree = "<group>"; };
		D2882DA72C464F91009D4ACE /* SampleAppNew.app */ = {isa = PBXFileReference; explicitFileType = wrapper.application; includeInIndex = 0; path = SampleAppNew.app; sourceTree = BUILT_PRODUCTS_DIR; };
		D2882DA92C464F91009D4ACE /* AppDelegate.h */ = {isa = PBXFileReference; lastKnownFileType = sourcecode.c.h; path = AppDelegate.h; sourceTree = "<group>"; };
		D2882DAA2C464F91009D4ACE /* AppDelegate.m */ = {isa = PBXFileReference; lastKnownFileType = sourcecode.c.objc; path = AppDelegate.m; sourceTree = "<group>"; };
		D2882DAC2C464F91009D4ACE /* SceneDelegate.h */ = {isa = PBXFileReference; lastKnownFileType = sourcecode.c.h; path = SceneDelegate.h; sourceTree = "<group>"; };
		D2882DAD2C464F91009D4ACE /* SceneDelegate.m */ = {isa = PBXFileReference; lastKnownFileType = sourcecode.c.objc; path = SceneDelegate.m; sourceTree = "<group>"; };
		D2882DB32C464F91009D4ACE /* Base */ = {isa = PBXFileReference; lastKnownFileType = file.storyboard; name = Base; path = Base.lproj/Main.storyboard; sourceTree = "<group>"; };
		D2882DB52C464F92009D4ACE /* Assets.xcassets */ = {isa = PBXFileReference; lastKnownFileType = folder.assetcatalog; path = Assets.xcassets; sourceTree = "<group>"; };
		D2882DB82C464F92009D4ACE /* Base */ = {isa = PBXFileReference; lastKnownFileType = file.storyboard; name = Base; path = Base.lproj/LaunchScreen.storyboard; sourceTree = "<group>"; };
		D2882DBA2C464F92009D4ACE /* Info.plist */ = {isa = PBXFileReference; lastKnownFileType = text.plist.xml; path = Info.plist; sourceTree = "<group>"; };
		D2882DBB2C464F92009D4ACE /* main.m */ = {isa = PBXFileReference; lastKnownFileType = sourcecode.c.objc; path = main.m; sourceTree = "<group>"; };
		D2882DC22C465707009D4ACE /* CustomViewController.h */ = {isa = PBXFileReference; lastKnownFileType = sourcecode.c.h; path = CustomViewController.h; sourceTree = "<group>"; };
		D2882DC32C465707009D4ACE /* CustomViewController.m */ = {isa = PBXFileReference; lastKnownFileType = sourcecode.c.objc; path = CustomViewController.m; sourceTree = "<group>"; };
		D2882DC62C4657CF009D4ACE /* CustomTableViewCell.h */ = {isa = PBXFileReference; lastKnownFileType = sourcecode.c.h; path = CustomTableViewCell.h; sourceTree = "<group>"; };
		D2882DC72C4657CF009D4ACE /* CustomTableViewCell.m */ = {isa = PBXFileReference; lastKnownFileType = sourcecode.c.objc; path = CustomTableViewCell.m; sourceTree = "<group>"; };
		D2882DCB2C4665EC009D4ACE /* icon.bundle */ = {isa = PBXFileReference; lastKnownFileType = "wrapper.plug-in"; name = icon.bundle; path = "../../../Movies/geektime-ios-course/project/SampleApp/icon.bundle"; sourceTree = "<group>"; };
		D2A0D0482C77113A00BBB05A /* GTListLoader.h */ = {isa = PBXFileReference; lastKnownFileType = sourcecode.c.h; path = GTListLoader.h; sourceTree = "<group>"; };
		D2A0D0492C77113A00BBB05A /* GTListLoader.m */ = {isa = PBXFileReference; lastKnownFileType = sourcecode.c.objc; path = GTListLoader.m; sourceTree = "<group>"; };
		D2BF4BC62C2E915000E09AAE /* GTDetailViewController.h */ = {isa = PBXFileReference; lastKnownFileType = sourcecode.c.h; path = GTDetailViewController.h; sourceTree = "<group>"; };
		D2BF4BC72C2E915000E09AAE /* GTDetailViewController.m */ = {isa = PBXFileReference; lastKnownFileType = sourcecode.c.objc; path = GTDetailViewController.m; sourceTree = "<group>"; };
		D2BF4BCD2C2ED01800E09AAE /* GTDeleteCellView.h */ = {isa = PBXFileReference; lastKnownFileType = sourcecode.c.h; path = GTDeleteCellView.h; sourceTree = "<group>"; };
		D2BF4BCE2C2ED01800E09AAE /* GTDeleteCellView.m */ = {isa = PBXFileReference; lastKnownFileType = sourcecode.c.objc; path = GTDeleteCellView.m; sourceTree = "<group>"; };
/* End PBXFileReference section */

/* Begin PBXFrameworksBuildPhase section */
		D20F134B2C2AD6CF00756153 /* Frameworks */ = {
			isa = PBXFrameworksBuildPhase;
			buildActionMask = 2147483647;
			files = (
			);
			runOnlyForDeploymentPostprocessing = 0;
		};
		D23B814C2C53C88200D86A53 /* Frameworks */ = {
			isa = PBXFrameworksBuildPhase;
			buildActionMask = 2147483647;
			files = (
			);
			runOnlyForDeploymentPostprocessing = 0;
		};
		D2882DA42C464F91009D4ACE /* Frameworks */ = {
			isa = PBXFrameworksBuildPhase;
			buildActionMask = 2147483647;
			files = (
			);
			runOnlyForDeploymentPostprocessing = 0;
		};
/* End PBXFrameworksBuildPhase section */

/* Begin PBXGroup section */
		D20F13082C2A6EC000756153 = {
			isa = PBXGroup;
			children = (
				D20F134F2C2AD6CF00756153 /* SampleApp */,
				D2882DA82C464F91009D4ACE /* SampleAppNew */,
				D23B81502C53C88200D86A53 /* Demo1 */,
				D20F13122C2A6EC000756153 /* Products */,
			);
			sourceTree = "<group>";
		};
		D20F13122C2A6EC000756153 /* Products */ = {
			isa = PBXGroup;
			children = (
				D20F134E2C2AD6CF00756153 /* SampleApp.app */,
				D2882DA72C464F91009D4ACE /* SampleAppNew.app */,
				D23B814F2C53C88200D86A53 /* Demo1.app */,
			);
			name = Products;
			sourceTree = "<group>";
		};
		D20F134F2C2AD6CF00756153 /* SampleApp */ = {
			isa = PBXGroup;
			children = (
				D2A0D0472C77110400BBB05A /* loader */,
				D2A0D0452C76120D00BBB05A /* NewsController */,
				D20F13502C2AD6CF00756153 /* AppDelegate.h */,
				D20F13512C2AD6CF00756153 /* AppDelegate.m */,
				D20F13532C2AD6CF00756153 /* SceneDelegate.h */,
				D20F13542C2AD6CF00756153 /* SceneDelegate.m */,
				D2882DCB2C4665EC009D4ACE /* icon.bundle */,
				D20F13592C2AD6CF00756153 /* Main.storyboard */,
				D20F135C2C2AD6D000756153 /* Assets.xcassets */,
				D20F135E2C2AD6D000756153 /* LaunchScreen.storyboard */,
				D20F13612C2AD6D000756153 /* Info.plist */,
				D20F13622C2AD6D000756153 /* main.m */,
				D2143AF32C2C05BF00607EFF /* GTVideoViewController.h */,
				D2143AF42C2C05BF00607EFF /* GTVideoViewController.m */,
				D2143AF62C2C179E00607EFF /* GTRecommendViewController.h */,
				D2143AF72C2C179E00607EFF /* GTRecommendViewController.m */,
			);
			path = SampleApp;
			sourceTree = "<group>";
		};
		D23B81502C53C88200D86A53 /* Demo1 */ = {
			isa = PBXGroup;
			children = (
				D23B81512C53C88200D86A53 /* AppDelegate.h */,
				D23B81522C53C88200D86A53 /* AppDelegate.m */,
				D23B81542C53C88200D86A53 /* SceneDelegate.h */,
				D23B81552C53C88200D86A53 /* SceneDelegate.m */,
				D23B81572C53C88200D86A53 /* GTNewsViewController.h */,
				D23B81582C53C88200D86A53 /* GTNewsViewController.m */,
				D23B815A2C53C88200D86A53 /* Main.storyboard */,
				D23B815D2C53C88400D86A53 /* Assets.xcassets */,
				D23B815F2C53C88400D86A53 /* LaunchScreen.storyboard */,
				D23B81622C53C88400D86A53 /* Info.plist */,
				D23B81632C53C88400D86A53 /* main.m */,
			);
			path = Demo1;
			sourceTree = "<group>";
		};
		D2882DA82C464F91009D4ACE /* SampleAppNew */ = {
			isa = PBXGroup;
			children = (
				D2882DC52C46571D009D4ACE /* View */,
				D2882DC12C4656B6009D4ACE /* Controller */,
				D2882DA92C464F91009D4ACE /* AppDelegate.h */,
				D2882DAA2C464F91009D4ACE /* AppDelegate.m */,
				D2882DAC2C464F91009D4ACE /* SceneDelegate.h */,
				D2882DAD2C464F91009D4ACE /* SceneDelegate.m */,
				D2882DB22C464F91009D4ACE /* Main.storyboard */,
				D2882DB52C464F92009D4ACE /* Assets.xcassets */,
				D2882DB72C464F92009D4ACE /* LaunchScreen.storyboard */,
				D2882DBA2C464F92009D4ACE /* Info.plist */,
				D2882DBB2C464F92009D4ACE /* main.m */,
			);
			path = SampleAppNew;
			sourceTree = "<group>";
		};
		D2882DC12C4656B6009D4ACE /* Controller */ = {
			isa = PBXGroup;
			children = (
				D2882DC22C465707009D4ACE /* CustomViewController.h */,
				D2882DC32C465707009D4ACE /* CustomViewController.m */,
				D2274F592C6CD00300750F44 /* CustomWebViewController.h */,
				D2274F5A2C6CD00300750F44 /* CustomWebViewController.m */,
			);
			path = Controller;
			sourceTree = "<group>";
		};
		D2882DC52C46571D009D4ACE /* View */ = {
			isa = PBXGroup;
			children = (
				D2882DC62C4657CF009D4ACE /* CustomTableViewCell.h */,
				D2882DC72C4657CF009D4ACE /* CustomTableViewCell.m */,
			);
			path = View;
			sourceTree = "<group>";
		};
		D2A0D0452C76120D00BBB05A /* NewsController */ = {
			isa = PBXGroup;
			children = (
				D2A0D0462C76125000BBB05A /* detail */,
				D20F13562C2AD6CF00756153 /* GTNewsViewController.h */,
				D20F13572C2AD6CF00756153 /* GTNewsViewController.m */,
				D2143AF92C2C4EC400607EFF /* GTNormalTableViewCell.h */,
				D2143AFA2C2C4EC400607EFF /* GTNormalTableViewCell.m */,
				D2BF4BCD2C2ED01800E09AAE /* GTDeleteCellView.h */,
				D2BF4BCE2C2ED01800E09AAE /* GTDeleteCellView.m */,
			);
			path = NewsController;
			sourceTree = "<group>";
		};
		D2A0D0462C76125000BBB05A /* detail */ = {
			isa = PBXGroup;
			children = (
				D2BF4BC62C2E915000E09AAE /* GTDetailViewController.h */,
				D2BF4BC72C2E915000E09AAE /* GTDetailViewController.m */,
			);
			path = detail;
			sourceTree = "<group>";
		};
		D2A0D0472C77110400BBB05A /* loader */ = {
			isa = PBXGroup;
			children = (
				D2A0D0482C77113A00BBB05A /* GTListLoader.h */,
				D2A0D0492C77113A00BBB05A /* GTListLoader.m */,
			);
			path = loader;
			sourceTree = "<group>";
		};
/* End PBXGroup section */

/* Begin PBXNativeTarget section */
		D20F134D2C2AD6CF00756153 /* SampleApp */ = {
			isa = PBXNativeTarget;
			buildConfigurationList = D20F13662C2AD6D000756153 /* Build configuration list for PBXNativeTarget "SampleApp" */;
			buildPhases = (
				D20F134A2C2AD6CF00756153 /* Sources */,
				D20F134B2C2AD6CF00756153 /* Frameworks */,
				D20F134C2C2AD6CF00756153 /* Resources */,
			);
			buildRules = (
			);
			dependencies = (
			);
			name = SampleApp;
			productName = SampleApp;
			productReference = D20F134E2C2AD6CF00756153 /* SampleApp.app */;
			productType = "com.apple.product-type.application";
		};
		D23B814E2C53C88200D86A53 /* Demo1 */ = {
			isa = PBXNativeTarget;
			buildConfigurationList = D23B81672C53C88400D86A53 /* Build configuration list for PBXNativeTarget "Demo1" */;
			buildPhases = (
				D23B814B2C53C88200D86A53 /* Sources */,
				D23B814C2C53C88200D86A53 /* Frameworks */,
				D23B814D2C53C88200D86A53 /* Resources */,
			);
			buildRules = (
			);
			dependencies = (
			);
			name = Demo1;
			productName = Demo1;
			productReference = D23B814F2C53C88200D86A53 /* Demo1.app */;
			productType = "com.apple.product-type.application";
		};
		D2882DA62C464F91009D4ACE /* SampleAppNew */ = {
			isa = PBXNativeTarget;
			buildConfigurationList = D2882DBD2C464F92009D4ACE /* Build configuration list for PBXNativeTarget "SampleAppNew" */;
			buildPhases = (
				D2882DA32C464F91009D4ACE /* Sources */,
				D2882DA42C464F91009D4ACE /* Frameworks */,
				D2882DA52C464F91009D4ACE /* Resources */,
			);
			buildRules = (
			);
			dependencies = (
			);
			name = SampleAppNew;
			productName = SampleAppNew;
			productReference = D2882DA72C464F91009D4ACE /* SampleAppNew.app */;
			productType = "com.apple.product-type.application";
		};
/* End PBXNativeTarget section */

/* Begin PBXProject section */
		D20F13092C2A6EC000756153 /* Project object */ = {
			isa = PBXProject;
			attributes = {
				BuildIndependentTargetsInParallel = 1;
				LastUpgradeCheck = 1520;
				TargetAttributes = {
					D20F134D2C2AD6CF00756153 = {
						CreatedOnToolsVersion = 15.2;
					};
					D23B814E2C53C88200D86A53 = {
						CreatedOnToolsVersion = 15.2;
					};
					D2882DA62C464F91009D4ACE = {
						CreatedOnToolsVersion = 15.2;
					};
				};
			};
			buildConfigurationList = D20F130C2C2A6EC000756153 /* Build configuration list for PBXProject "SampleApp" */;
			compatibilityVersion = "Xcode 14.0";
			developmentRegion = en;
			hasScannedForEncodings = 0;
			knownRegions = (
				en,
				Base,
			);
			mainGroup = D20F13082C2A6EC000756153;
			productRefGroup = D20F13122C2A6EC000756153 /* Products */;
			projectDirPath = "";
			projectRoot = "";
			targets = (
				D20F134D2C2AD6CF00756153 /* SampleApp */,
				D2882DA62C464F91009D4ACE /* SampleAppNew */,
				D23B814E2C53C88200D86A53 /* Demo1 */,
			);
		};
/* End PBXProject section */

/* Begin PBXResourcesBuildPhase section */
		D20F134C2C2AD6CF00756153 /* Resources */ = {
			isa = PBXResourcesBuildPhase;
			buildActionMask = 2147483647;
			files = (
				D2882DCC2C4665EC009D4ACE /* icon.bundle in Resources */,
				D20F13602C2AD6D000756153 /* LaunchScreen.storyboard in Resources */,
				D20F135D2C2AD6D000756153 /* Assets.xcassets in Resources */,
				D20F135B2C2AD6CF00756153 /* Main.storyboard in Resources */,
			);
			runOnlyForDeploymentPostprocessing = 0;
		};
		D23B814D2C53C88200D86A53 /* Resources */ = {
			isa = PBXResourcesBuildPhase;
			buildActionMask = 2147483647;
			files = (
				D23B81612C53C88400D86A53 /* LaunchScreen.storyboard in Resources */,
				D23B815E2C53C88400D86A53 /* Assets.xcassets in Resources */,
				D23B815C2C53C88200D86A53 /* Main.storyboard in Resources */,
			);
			runOnlyForDeploymentPostprocessing = 0;
		};
		D2882DA52C464F91009D4ACE /* Resources */ = {
			isa = PBXResourcesBuildPhase;
			buildActionMask = 2147483647;
			files = (
				D2882DB92C464F92009D4ACE /* LaunchScreen.storyboard in Resources */,
				D2882DB62C464F92009D4ACE /* Assets.xcassets in Resources */,
				D2882DB42C464F91009D4ACE /* Main.storyboard in Resources */,
			);
			runOnlyForDeploymentPostprocessing = 0;
		};
/* End PBXResourcesBuildPhase section */

/* Begin PBXSourcesBuildPhase section */
		D20F134A2C2AD6CF00756153 /* Sources */ = {
			isa = PBXSourcesBuildPhase;
			buildActionMask = 2147483647;
			files = (
				D2BF4BC82C2E915000E09AAE /* GTDetailViewController.m in Sources */,
				D2BF4BCF2C2ED01800E09AAE /* GTDeleteCellView.m in Sources */,
				D2143AFB2C2C4EC400607EFF /* GTNormalTableViewCell.m in Sources */,
				D20F13582C2AD6CF00756153 /* GTNewsViewController.m in Sources */,
				D2143AF52C2C05BF00607EFF /* GTVideoViewController.m in Sources */,
				D2A0D04A2C77113A00BBB05A /* GTListLoader.m in Sources */,
				D2143AF82C2C179E00607EFF /* GTRecommendViewController.m in Sources */,
				D20F13522C2AD6CF00756153 /* AppDelegate.m in Sources */,
				D20F13632C2AD6D000756153 /* main.m in Sources */,
				D20F13552C2AD6CF00756153 /* SceneDelegate.m in Sources */,
			);
			runOnlyForDeploymentPostprocessing = 0;
		};
		D23B814B2C53C88200D86A53 /* Sources */ = {
			isa = PBXSourcesBuildPhase;
			buildActionMask = 2147483647;
			files = (
				D23B81592C53C88200D86A53 /* GTNewsViewController.m in Sources */,
				D23B81532C53C88200D86A53 /* AppDelegate.m in Sources */,
				D23B81642C53C88400D86A53 /* main.m in Sources */,
				D23B81562C53C88200D86A53 /* SceneDelegate.m in Sources */,
			);
			runOnlyForDeploymentPostprocessing = 0;
		};
		D2882DA32C464F91009D4ACE /* Sources */ = {
			isa = PBXSourcesBuildPhase;
			buildActionMask = 2147483647;
			files = (
				D2882DC42C465707009D4ACE /* CustomViewController.m in Sources */,
				D2882DAB2C464F91009D4ACE /* AppDelegate.m in Sources */,
				D2882DBC2C464F92009D4ACE /* main.m in Sources */,
				D2882DC82C4657CF009D4ACE /* CustomTableViewCell.m in Sources */,
				D2274F5B2C6CD00300750F44 /* CustomWebViewController.m in Sources */,
				D2882DAE2C464F91009D4ACE /* SceneDelegate.m in Sources */,
			);
			runOnlyForDeploymentPostprocessing = 0;
		};
/* End PBXSourcesBuildPhase section */

/* Begin PBXVariantGroup section */
		D20F13592C2AD6CF00756153 /* Main.storyboard */ = {
			isa = PBXVariantGroup;
			children = (
				D20F135A2C2AD6CF00756153 /* Base */,
			);
			name = Main.storyboard;
			sourceTree = "<group>";
		};
		D20F135E2C2AD6D000756153 /* LaunchScreen.storyboard */ = {
			isa = PBXVariantGroup;
			children = (
				D20F135F2C2AD6D000756153 /* Base */,
			);
			name = LaunchScreen.storyboard;
			sourceTree = "<group>";
		};
		D23B815A2C53C88200D86A53 /* Main.storyboard */ = {
			isa = PBXVariantGroup;
			children = (
				D23B815B2C53C88200D86A53 /* Base */,
			);
			name = Main.storyboard;
			sourceTree = "<group>";
		};
		D23B815F2C53C88400D86A53 /* LaunchScreen.storyboard */ = {
			isa = PBXVariantGroup;
			children = (
				D23B81602C53C88400D86A53 /* Base */,
			);
			name = LaunchScreen.storyboard;
			sourceTree = "<group>";
		};
		D2882DB22C464F91009D4ACE /* Main.storyboard */ = {
			isa = PBXVariantGroup;
			children = (
				D2882DB32C464F91009D4ACE /* Base */,
			);
			name = Main.storyboard;
			sourceTree = "<group>";
		};
		D2882DB72C464F92009D4ACE /* LaunchScreen.storyboard */ = {
			isa = PBXVariantGroup;
			children = (
				D2882DB82C464F92009D4ACE /* Base */,
			);
			name = LaunchScreen.storyboard;
			sourceTree = "<group>";
		};
/* End PBXVariantGroup section */

/* Begin XCBuildConfiguration section */
		D20F13282C2A6EC200756153 /* Debug */ = {
			isa = XCBuildConfiguration;
			buildSettings = {
				ALWAYS_SEARCH_USER_PATHS = NO;
				ASSETCATALOG_COMPILER_GENERATE_SWIFT_ASSET_SYMBOL_EXTENSIONS = YES;
				CLANG_ANALYZER_NONNULL = YES;
				CLANG_ANALYZER_NUMBER_OBJECT_CONVERSION = YES_AGGRESSIVE;
				CLANG_CXX_LANGUAGE_STANDARD = "gnu++20";
				CLANG_ENABLE_MODULES = YES;
				CLANG_ENABLE_OBJC_ARC = YES;
				CLANG_ENABLE_OBJC_WEAK = YES;
				CLANG_WARN_BLOCK_CAPTURE_AUTORELEASING = YES;
				CLANG_WARN_BOOL_CONVERSION = YES;
				CLANG_WARN_COMMA = YES;
				CLANG_WARN_CONSTANT_CONVERSION = YES;
				CLANG_WARN_DEPRECATED_OBJC_IMPLEMENTATIONS = YES;
				CLANG_WARN_DIRECT_OBJC_ISA_USAGE = YES_ERROR;
				CLANG_WARN_DOCUMENTATION_COMMENTS = YES;
				CLANG_WARN_EMPTY_BODY = YES;
				CLANG_WARN_ENUM_CONVERSION = YES;
				CLANG_WARN_INFINITE_RECURSION = YES;
				CLANG_WARN_INT_CONVERSION = YES;
				CLANG_WARN_NON_LITERAL_NULL_CONVERSION = YES;
				CLANG_WARN_OBJC_IMPLICIT_RETAIN_SELF = YES;
				CLANG_WARN_OBJC_LITERAL_CONVERSION = YES;
				CLANG_WARN_OBJC_ROOT_CLASS = YES_ERROR;
				CLANG_WARN_QUOTED_INCLUDE_IN_FRAMEWORK_HEADER = YES;
				CLANG_WARN_RANGE_LOOP_ANALYSIS = YES;
				CLANG_WARN_STRICT_PROTOTYPES = YES;
				CLANG_WARN_SUSPICIOUS_MOVE = YES;
				CLANG_WARN_UNGUARDED_AVAILABILITY = YES_AGGRESSIVE;
				CLANG_WARN_UNREACHABLE_CODE = YES;
				CLANG_WARN__DUPLICATE_METHOD_MATCH = YES;
				COPY_PHASE_STRIP = NO;
				DEBUG_INFORMATION_FORMAT = dwarf;
				ENABLE_STRICT_OBJC_MSGSEND = YES;
				ENABLE_TESTABILITY = YES;
				ENABLE_USER_SCRIPT_SANDBOXING = YES;
				GCC_C_LANGUAGE_STANDARD = gnu17;
				GCC_DYNAMIC_NO_PIC = NO;
				GCC_NO_COMMON_BLOCKS = YES;
				GCC_OPTIMIZATION_LEVEL = 0;
				GCC_PREPROCESSOR_DEFINITIONS = (
					"DEBUG=1",
					"$(inherited)",
				);
				GCC_WARN_64_TO_32_BIT_CONVERSION = YES;
				GCC_WARN_ABOUT_RETURN_TYPE = YES_ERROR;
				GCC_WARN_UNDECLARED_SELECTOR = YES;
				GCC_WARN_UNINITIALIZED_AUTOS = YES_AGGRESSIVE;
				GCC_WARN_UNUSED_FUNCTION = YES;
				GCC_WARN_UNUSED_VARIABLE = YES;
				IPHONEOS_DEPLOYMENT_TARGET = 17.2;
				LOCALIZATION_PREFERS_STRING_CATALOGS = YES;
				MTL_ENABLE_DEBUG_INFO = INCLUDE_SOURCE;
				MTL_FAST_MATH = YES;
				ONLY_ACTIVE_ARCH = YES;
				SDKROOT = iphoneos;
			};
			name = Debug;
		};
		D20F13292C2A6EC200756153 /* Release */ = {
			isa = XCBuildConfiguration;
			buildSettings = {
				ALWAYS_SEARCH_USER_PATHS = NO;
				ASSETCATALOG_COMPILER_GENERATE_SWIFT_ASSET_SYMBOL_EXTENSIONS = YES;
				CLANG_ANALYZER_NONNULL = YES;
				CLANG_ANALYZER_NUMBER_OBJECT_CONVERSION = YES_AGGRESSIVE;
				CLANG_CXX_LANGUAGE_STANDARD = "gnu++20";
				CLANG_ENABLE_MODULES = YES;
				CLANG_ENABLE_OBJC_ARC = YES;
				CLANG_ENABLE_OBJC_WEAK = YES;
				CLANG_WARN_BLOCK_CAPTURE_AUTORELEASING = YES;
				CLANG_WARN_BOOL_CONVERSION = YES;
				CLANG_WARN_COMMA = YES;
				CLANG_WARN_CONSTANT_CONVERSION = YES;
				CLANG_WARN_DEPRECATED_OBJC_IMPLEMENTATIONS = YES;
				CLANG_WARN_DIRECT_OBJC_ISA_USAGE = YES_ERROR;
				CLANG_WARN_DOCUMENTATION_COMMENTS = YES;
				CLANG_WARN_EMPTY_BODY = YES;
				CLANG_WARN_ENUM_CONVERSION = YES;
				CLANG_WARN_INFINITE_RECURSION = YES;
				CLANG_WARN_INT_CONVERSION = YES;
				CLANG_WARN_NON_LITERAL_NULL_CONVERSION = YES;
				CLANG_WARN_OBJC_IMPLICIT_RETAIN_SELF = YES;
				CLANG_WARN_OBJC_LITERAL_CONVERSION = YES;
				CLANG_WARN_OBJC_ROOT_CLASS = YES_ERROR;
				CLANG_WARN_QUOTED_INCLUDE_IN_FRAMEWORK_HEADER = YES;
				CLANG_WARN_RANGE_LOOP_ANALYSIS = YES;
				CLANG_WARN_STRICT_PROTOTYPES = YES;
				CLANG_WARN_SUSPICIOUS_MOVE = YES;
				CLANG_WARN_UNGUARDED_AVAILABILITY = YES_AGGRESSIVE;
				CLANG_WARN_UNREACHABLE_CODE = YES;
				CLANG_WARN__DUPLICATE_METHOD_MATCH = YES;
				COPY_PHASE_STRIP = NO;
				DEBUG_INFORMATION_FORMAT = "dwarf-with-dsym";
				ENABLE_NS_ASSERTIONS = NO;
				ENABLE_STRICT_OBJC_MSGSEND = YES;
				ENABLE_USER_SCRIPT_SANDBOXING = YES;
				GCC_C_LANGUAGE_STANDARD = gnu17;
				GCC_NO_COMMON_BLOCKS = YES;
				GCC_WARN_64_TO_32_BIT_CONVERSION = YES;
				GCC_WARN_ABOUT_RETURN_TYPE = YES_ERROR;
				GCC_WARN_UNDECLARED_SELECTOR = YES;
				GCC_WARN_UNINITIALIZED_AUTOS = YES_AGGRESSIVE;
				GCC_WARN_UNUSED_FUNCTION = YES;
				GCC_WARN_UNUSED_VARIABLE = YES;
				IPHONEOS_DEPLOYMENT_TARGET = 17.2;
				LOCALIZATION_PREFERS_STRING_CATALOGS = YES;
				MTL_ENABLE_DEBUG_INFO = NO;
				MTL_FAST_MATH = YES;
				SDKROOT = iphoneos;
				VALIDATE_PRODUCT = YES;
			};
			name = Release;
		};
		D20F13642C2AD6D000756153 /* Debug */ = {
			isa = XCBuildConfiguration;
			buildSettings = {
				ASSETCATALOG_COMPILER_APPICON_NAME = AppIcon;
				ASSETCATALOG_COMPILER_GLOBAL_ACCENT_COLOR_NAME = AccentColor;
				CODE_SIGN_STYLE = Automatic;
				CURRENT_PROJECT_VERSION = 1;
				GENERATE_INFOPLIST_FILE = YES;
				INFOPLIST_FILE = SampleApp/Info.plist;
				INFOPLIST_KEY_UIApplicationSupportsIndirectInputEvents = YES;
				INFOPLIST_KEY_UILaunchStoryboardName = LaunchScreen;
				INFOPLIST_KEY_UIMainStoryboardFile = Main;
				INFOPLIST_KEY_UISupportedInterfaceOrientations_iPad = "UIInterfaceOrientationPortrait UIInterfaceOrientationPortraitUpsideDown UIInterfaceOrientationLandscapeLeft UIInterfaceOrientationLandscapeRight";
				INFOPLIST_KEY_UISupportedInterfaceOrientations_iPhone = "UIInterfaceOrientationPortrait UIInterfaceOrientationLandscapeLeft UIInterfaceOrientationLandscapeRight";
				LD_RUNPATH_SEARCH_PATHS = (
					"$(inherited)",
					"@executable_path/Frameworks",
				);
				MARKETING_VERSION = 1.0;
				PRODUCT_BUNDLE_IDENTIFIER = com.Francoling.SampleApp;
				PRODUCT_NAME = "$(TARGET_NAME)";
				SWIFT_EMIT_LOC_STRINGS = YES;
				TARGETED_DEVICE_FAMILY = "1,2";
			};
			name = Debug;
		};
		D20F13652C2AD6D000756153 /* Release */ = {
			isa = XCBuildConfiguration;
			buildSettings = {
				ASSETCATALOG_COMPILER_APPICON_NAME = AppIcon;
				ASSETCATALOG_COMPILER_GLOBAL_ACCENT_COLOR_NAME = AccentColor;
				CODE_SIGN_STYLE = Automatic;
				CURRENT_PROJECT_VERSION = 1;
				GENERATE_INFOPLIST_FILE = YES;
				INFOPLIST_FILE = SampleApp/Info.plist;
				INFOPLIST_KEY_UIApplicationSupportsIndirectInputEvents = YES;
				INFOPLIST_KEY_UILaunchStoryboardName = LaunchScreen;
				INFOPLIST_KEY_UIMainStoryboardFile = Main;
				INFOPLIST_KEY_UISupportedInterfaceOrientations_iPad = "UIInterfaceOrientationPortrait UIInterfaceOrientationPortraitUpsideDown UIInterfaceOrientationLandscapeLeft UIInterfaceOrientationLandscapeRight";
				INFOPLIST_KEY_UISupportedInterfaceOrientations_iPhone = "UIInterfaceOrientationPortrait UIInterfaceOrientationLandscapeLeft UIInterfaceOrientationLandscapeRight";
				LD_RUNPATH_SEARCH_PATHS = (
					"$(inherited)",
					"@executable_path/Frameworks",
				);
				MARKETING_VERSION = 1.0;
				PRODUCT_BUNDLE_IDENTIFIER = com.Francoling.SampleApp;
				PRODUCT_NAME = "$(TARGET_NAME)";
				SWIFT_EMIT_LOC_STRINGS = YES;
				TARGETED_DEVICE_FAMILY = "1,2";
			};
			name = Release;
		};
		D23B81652C53C88400D86A53 /* Debug */ = {
			isa = XCBuildConfiguration;
			buildSettings = {
				ASSETCATALOG_COMPILER_APPICON_NAME = AppIcon;
				ASSETCATALOG_COMPILER_GLOBAL_ACCENT_COLOR_NAME = AccentColor;
				CODE_SIGN_STYLE = Automatic;
				CURRENT_PROJECT_VERSION = 1;
				GENERATE_INFOPLIST_FILE = YES;
				INFOPLIST_FILE = Demo1/Info.plist;
				INFOPLIST_KEY_UIApplicationSupportsIndirectInputEvents = YES;
				INFOPLIST_KEY_UILaunchStoryboardName = LaunchScreen;
				INFOPLIST_KEY_UIMainStoryboardFile = Main;
				INFOPLIST_KEY_UISupportedInterfaceOrientations_iPad = "UIInterfaceOrientationPortrait UIInterfaceOrientationPortraitUpsideDown UIInterfaceOrientationLandscapeLeft UIInterfaceOrientationLandscapeRight";
				INFOPLIST_KEY_UISupportedInterfaceOrientations_iPhone = "UIInterfaceOrientationPortrait UIInterfaceOrientationLandscapeLeft UIInterfaceOrientationLandscapeRight";
				LD_RUNPATH_SEARCH_PATHS = (
					"$(inherited)",
					"@executable_path/Frameworks",
				);
				MARKETING_VERSION = 1.0;
				PRODUCT_BUNDLE_IDENTIFIER = com.Francoling.Demo1;
				PRODUCT_NAME = "$(TARGET_NAME)";
				SWIFT_EMIT_LOC_STRINGS = YES;
				TARGETED_DEVICE_FAMILY = "1,2";
			};
			name = Debug;
		};
		D23B81662C53C88400D86A53 /* Release */ = {
			isa = XCBuildConfiguration;
			buildSettings = {
				ASSETCATALOG_COMPILER_APPICON_NAME = AppIcon;
				ASSETCATALOG_COMPILER_GLOBAL_ACCENT_COLOR_NAME = AccentColor;
				CODE_SIGN_STYLE = Automatic;
				CURRENT_PROJECT_VERSION = 1;
				GENERATE_INFOPLIST_FILE = YES;
				INFOPLIST_FILE = Demo1/Info.plist;
				INFOPLIST_KEY_UIApplicationSupportsIndirectInputEvents = YES;
				INFOPLIST_KEY_UILaunchStoryboardName = LaunchScreen;
				INFOPLIST_KEY_UIMainStoryboardFile = Main;
				INFOPLIST_KEY_UISupportedInterfaceOrientations_iPad = "UIInterfaceOrientationPortrait UIInterfaceOrientationPortraitUpsideDown UIInterfaceOrientationLandscapeLeft UIInterfaceOrientationLandscapeRight";
				INFOPLIST_KEY_UISupportedInterfaceOrientations_iPhone = "UIInterfaceOrientationPortrait UIInterfaceOrientationLandscapeLeft UIInterfaceOrientationLandscapeRight";
				LD_RUNPATH_SEARCH_PATHS = (
					"$(inherited)",
					"@executable_path/Frameworks",
				);
				MARKETING_VERSION = 1.0;
				PRODUCT_BUNDLE_IDENTIFIER = com.Francoling.Demo1;
				PRODUCT_NAME = "$(TARGET_NAME)";
				SWIFT_EMIT_LOC_STRINGS = YES;
				TARGETED_DEVICE_FAMILY = "1,2";
			};
			name = Release;
		};
		D2882DBE2C464F92009D4ACE /* Debug */ = {
			isa = XCBuildConfiguration;
			buildSettings = {
				ASSETCATALOG_COMPILER_APPICON_NAME = AppIcon;
				ASSETCATALOG_COMPILER_GLOBAL_ACCENT_COLOR_NAME = AccentColor;
				CODE_SIGN_STYLE = Automatic;
				CURRENT_PROJECT_VERSION = 1;
				GENERATE_INFOPLIST_FILE = YES;
				INFOPLIST_FILE = SampleAppNew/Info.plist;
				INFOPLIST_KEY_UIApplicationSupportsIndirectInputEvents = YES;
				INFOPLIST_KEY_UILaunchStoryboardName = LaunchScreen;
				INFOPLIST_KEY_UIMainStoryboardFile = Main;
				INFOPLIST_KEY_UISupportedInterfaceOrientations_iPad = "UIInterfaceOrientationPortrait UIInterfaceOrientationPortraitUpsideDown UIInterfaceOrientationLandscapeLeft UIInterfaceOrientationLandscapeRight";
				INFOPLIST_KEY_UISupportedInterfaceOrientations_iPhone = "UIInterfaceOrientationPortrait UIInterfaceOrientationLandscapeLeft UIInterfaceOrientationLandscapeRight";
				LD_RUNPATH_SEARCH_PATHS = (
					"$(inherited)",
					"@executable_path/Frameworks",
				);
				MARKETING_VERSION = 1.0;
				PRODUCT_BUNDLE_IDENTIFIER = com.Francoling.SampleAppNew;
				PRODUCT_NAME = "$(TARGET_NAME)";
				SWIFT_EMIT_LOC_STRINGS = YES;
				TARGETED_DEVICE_FAMILY = "1,2";
			};
			name = Debug;
		};
		D2882DBF2C464F92009D4ACE /* Release */ = {
			isa = XCBuildConfiguration;
			buildSettings = {
				ASSETCATALOG_COMPILER_APPICON_NAME = AppIcon;
				ASSETCATALOG_COMPILER_GLOBAL_ACCENT_COLOR_NAME = AccentColor;
				CODE_SIGN_STYLE = Automatic;
				CURRENT_PROJECT_VERSION = 1;
				GENERATE_INFOPLIST_FILE = YES;
				INFOPLIST_FILE = SampleAppNew/Info.plist;
				INFOPLIST_KEY_UIApplicationSupportsIndirectInputEvents = YES;
				INFOPLIST_KEY_UILaunchStoryboardName = LaunchScreen;
				INFOPLIST_KEY_UIMainStoryboardFile = Main;
				INFOPLIST_KEY_UISupportedInterfaceOrientations_iPad = "UIInterfaceOrientationPortrait UIInterfaceOrientationPortraitUpsideDown UIInterfaceOrientationLandscapeLeft UIInterfaceOrientationLandscapeRight";
				INFOPLIST_KEY_UISupportedInterfaceOrientations_iPhone = "UIInterfaceOrientationPortrait UIInterfaceOrientationLandscapeLeft UIInterfaceOrientationLandscapeRight";
				LD_RUNPATH_SEARCH_PATHS = (
					"$(inherited)",
					"@executable_path/Frameworks",
				);
				MARKETING_VERSION = 1.0;
				PRODUCT_BUNDLE_IDENTIFIER = com.Francoling.SampleAppNew;
				PRODUCT_NAME = "$(TARGET_NAME)";
				SWIFT_EMIT_LOC_STRINGS = YES;
				TARGETED_DEVICE_FAMILY = "1,2";
			};
			name = Release;
		};
/* End XCBuildConfiguration section */

/* Begin XCConfigurationList section */
		D20F130C2C2A6EC000756153 /* Build configuration list for PBXProject "SampleApp" */ = {
			isa = XCConfigurationList;
			buildConfigurations = (
				D20F13282C2A6EC200756153 /* Debug */,
				D20F13292C2A6EC200756153 /* Release */,
			);
			defaultConfigurationIsVisible = 0;
			defaultConfigurationName = Release;
		};
		D20F13662C2AD6D000756153 /* Build configuration list for PBXNativeTarget "SampleApp" */ = {
			isa = XCConfigurationList;
			buildConfigurations = (
				D20F13642C2AD6D000756153 /* Debug */,
				D20F13652C2AD6D000756153 /* Release */,
			);
			defaultConfigurationIsVisible = 0;
			defaultConfigurationName = Release;
		};
		D23B81672C53C88400D86A53 /* Build configuration list for PBXNativeTarget "Demo1" */ = {
			isa = XCConfigurationList;
			buildConfigurations = (
				D23B81652C53C88400D86A53 /* Debug */,
				D23B81662C53C88400D86A53 /* Release */,
			);
			defaultConfigurationIsVisible = 0;
			defaultConfigurationName = Release;
		};
		D2882DBD2C464F92009D4ACE /* Build configuration list for PBXNativeTarget "SampleAppNew" */ = {
			isa = XCConfigurationList;
			buildConfigurations = (
				D2882DBE2C464F92009D4ACE /* Debug */,
				D2882DBF2C464F92009D4ACE /* Release */,
			);
			defaultConfigurationIsVisible = 0;
			defaultConfigurationName = Release;
		};
/* End XCConfigurationList section */
	};
	rootObject = D20F13092C2A6EC000756153 /* Project object */;
}
