// !$*UTF8*$!
{
	archiveVersion = 1;
	classes = {
	};
	objectVersion = 56;
	objects = {

/* Begin PBXBuildFile section */
		D20F13162C2A6EC000756153 /* AppDelegate.m in Sources */ = {isa = PBXBuildFile; fileRef = D20F13152C2A6EC000756153 /* AppDelegate.m */; };
		D20F131C2C2A6EC000756153 /* ViewController.m in Sources */ = {isa = PBXBuildFile; fileRef = D20F131B2C2A6EC000756153 /* ViewController.m */; };
		D20F131F2C2A6EC000756153 /* Main.storyboard in Resources */ = {isa = PBXBuildFile; fileRef = D20F131D2C2A6EC000756153 /* Main.storyboard */; };
		D20F13212C2A6EC200756153 /* Assets.xcassets in Resources */ = {isa = PBXBuildFile; fileRef = D20F13202C2A6EC200756153 /* Assets.xcassets */; };
		D20F13242C2A6EC200756153 /* LaunchScreen.storyboard in Resources */ = {isa = PBXBuildFile; fileRef = D20F13222C2A6EC200756153 /* LaunchScreen.storyboard */; };
		D20F13272C2A6EC200756153 /* main.m in Sources */ = {isa = PBXBuildFile; fileRef = D20F13262C2A6EC200756153 /* main.m */; };
		D20F13522C2AD6CF00756153 /* AppDelegate.m in Sources */ = {isa = PBXBuildFile; fileRef = D20F13512C2AD6CF00756153 /* AppDelegate.m */; };
		D20F13552C2AD6CF00756153 /* SceneDelegate.m in Sources */ = {isa = PBXBuildFile; fileRef = D20F13542C2AD6CF00756153 /* SceneDelegate.m */; };
		D20F13582C2AD6CF00756153 /* ViewController.m in Sources */ = {isa = PBXBuildFile; fileRef = D20F13572C2AD6CF00756153 /* ViewController.m */; };
		D20F135B2C2AD6CF00756153 /* Main.storyboard in Resources */ = {isa = PBXBuildFile; fileRef = D20F13592C2AD6CF00756153 /* Main.storyboard */; };
		D20F135D2C2AD6D000756153 /* Assets.xcassets in Resources */ = {isa = PBXBuildFile; fileRef = D20F135C2C2AD6D000756153 /* Assets.xcassets */; };
		D20F13602C2AD6D000756153 /* LaunchScreen.storyboard in Resources */ = {isa = PBXBuildFile; fileRef = D20F135E2C2AD6D000756153 /* LaunchScreen.storyboard */; };
		D20F13632C2AD6D000756153 /* main.m in Sources */ = {isa = PBXBuildFile; fileRef = D20F13622C2AD6D000756153 /* main.m */; };
		D2143AF52C2C05BF00607EFF /* GTVideoViewController.m in Sources */ = {isa = PBXBuildFile; fileRef = D2143AF42C2C05BF00607EFF /* GTVideoViewController.m */; };
		D2143AF82C2C179E00607EFF /* GTRecommendViewController.m in Sources */ = {isa = PBXBuildFile; fileRef = D2143AF72C2C179E00607EFF /* GTRecommendViewController.m */; };
		D2143AFB2C2C4EC400607EFF /* GTNormalTableViewCell.m in Sources */ = {isa = PBXBuildFile; fileRef = D2143AFA2C2C4EC400607EFF /* GTNormalTableViewCell.m */; };
		D27438392C2D9B6000D00000 /* icon.bundle in Resources */ = {isa = PBXBuildFile; fileRef = D27438382C2D9B6000D00000 /* icon.bundle */; };
		D2BF4BC82C2E915000E09AAE /* GTDetailViewController.m in Sources */ = {isa = PBXBuildFile; fileRef = D2BF4BC72C2E915000E09AAE /* GTDetailViewController.m */; };
		D2BF4BCF2C2ED01800E09AAE /* GTDeleteCellView.m in Sources */ = {isa = PBXBuildFile; fileRef = D2BF4BCE2C2ED01800E09AAE /* GTDeleteCellView.m */; };
/* End PBXBuildFile section */

/* Begin PBXFileReference section */
		D20F13112C2A6EC000756153 /* SampleAppDeprcated.app */ = {isa = PBXFileReference; explicitFileType = wrapper.application; includeInIndex = 0; path = SampleAppDeprcated.app; sourceTree = BUILT_PRODUCTS_DIR; };
		D20F13142C2A6EC000756153 /* AppDelegate.h */ = {isa = PBXFileReference; lastKnownFileType = sourcecode.c.h; path = AppDelegate.h; sourceTree = "<group>"; };
		D20F13152C2A6EC000756153 /* AppDelegate.m */ = {isa = PBXFileReference; lastKnownFileType = sourcecode.c.objc; path = AppDelegate.m; sourceTree = "<group>"; };
		D20F131A2C2A6EC000756153 /* ViewController.h */ = {isa = PBXFileReference; lastKnownFileType = sourcecode.c.h; path = ViewController.h; sourceTree = "<group>"; };
		D20F131B2C2A6EC000756153 /* ViewController.m */ = {isa = PBXFileReference; lastKnownFileType = sourcecode.c.objc; path = ViewController.m; sourceTree = "<group>"; };
		D20F131E2C2A6EC000756153 /* Base */ = {isa = PBXFileReference; lastKnownFileType = file.storyboard; name = Base; path = Base.lproj/Main.storyboard; sourceTree = "<group>"; };
		D20F13202C2A6EC200756153 /* Assets.xcassets */ = {isa = PBXFileReference; lastKnownFileType = folder.assetcatalog; path = Assets.xcassets; sourceTree = "<group>"; };
		D20F13232C2A6EC200756153 /* Base */ = {isa = PBXFileReference; lastKnownFileType = file.storyboard; name = Base; path = Base.lproj/LaunchScreen.storyboard; sourceTree = "<group>"; };
		D20F13252C2A6EC200756153 /* Info.plist */ = {isa = PBXFileReference; lastKnownFileType = text.plist.xml; path = Info.plist; sourceTree = "<group>"; };
		D20F13262C2A6EC200756153 /* main.m */ = {isa = PBXFileReference; lastKnownFileType = sourcecode.c.objc; path = main.m; sourceTree = "<group>"; };
		D20F134E2C2AD6CF00756153 /* SampleApp.app */ = {isa = PBXFileReference; explicitFileType = wrapper.application; includeInIndex = 0; path = SampleApp.app; sourceTree = BUILT_PRODUCTS_DIR; };
		D20F13502C2AD6CF00756153 /* AppDelegate.h */ = {isa = PBXFileReference; lastKnownFileType = sourcecode.c.h; path = AppDelegate.h; sourceTree = "<group>"; };
		D20F13512C2AD6CF00756153 /* AppDelegate.m */ = {isa = PBXFileReference; lastKnownFileType = sourcecode.c.objc; path = AppDelegate.m; sourceTree = "<group>"; };
		D20F13532C2AD6CF00756153 /* SceneDelegate.h */ = {isa = PBXFileReference; lastKnownFileType = sourcecode.c.h; path = SceneDelegate.h; sourceTree = "<group>"; };
		D20F13542C2AD6CF00756153 /* SceneDelegate.m */ = {isa = PBXFileReference; lastKnownFileType = sourcecode.c.objc; path = SceneDelegate.m; sourceTree = "<group>"; };
		D20F13562C2AD6CF00756153 /* ViewController.h */ = {isa = PBXFileReference; lastKnownFileType = sourcecode.c.h; path = ViewController.h; sourceTree = "<group>"; };
		D20F13572C2AD6CF00756153 /* ViewController.m */ = {isa = PBXFileReference; lastKnownFileType = sourcecode.c.objc; path = ViewController.m; sourceTree = "<group>"; };
		D20F135A2C2AD6CF00756153 /* Base */ = {isa = PBXFileReference; lastKnownFileType = file.storyboard; name = Base; path = Base.lproj/Main.storyboard; sourceTree = "<group>"; };
		D20F135C2C2AD6D000756153 /* Assets.xcassets */ = {isa = PBXFileReference; lastKnownFileType = folder.assetcatalog; path = Assets.xcassets; sourceTree = "<group>"; };
		D20F135F2C2AD6D000756153 /* Base */ = {isa = PBXFileReference; lastKnownFileType = file.storyboard; name = Base; path = Base.lproj/LaunchScreen.storyboard; sourceTree = "<group>"; };
		D20F13612C2AD6D000756153 /* Info.plist */ = {isa = PBXFileReference; lastKnownFileType = text.plist.xml; path = Info.plist; sourceTree = "<group>"; };
		D20F13622C2AD6D000756153 /* main.m */ = {isa = PBXFileReference; lastKnownFileType = sourcecode.c.objc; path = main.m; sourceTree = "<group>"; };
		D2143AF32C2C05BF00607EFF /* GTVideoViewController.h */ = {isa = PBXFileReference; lastKnownFileType = sourcecode.c.h; path = GTVideoViewController.h; sourceTree = "<group>"; };
		D2143AF42C2C05BF00607EFF /* GTVideoViewController.m */ = {isa = PBXFileReference; lastKnownFileType = sourcecode.c.objc; path = GTVideoViewController.m; sourceTree = "<group>"; };
		D2143AF62C2C179E00607EFF /* GTRecommendViewController.h */ = {isa = PBXFileReference; lastKnownFileType = sourcecode.c.h; path = GTRecommendViewController.h; sourceTree = "<group>"; };
		D2143AF72C2C179E00607EFF /* GTRecommendViewController.m */ = {isa = PBXFileReference; lastKnownFileType = sourcecode.c.objc; path = GTRecommendViewController.m; sourceTree = "<group>"; };
		D2143AF92C2C4EC400607EFF /* GTNormalTableViewCell.h */ = {isa = PBXFileReference; lastKnownFileType = sourcecode.c.h; path = GTNormalTableViewCell.h; sourceTree = "<group>"; };
		D2143AFA2C2C4EC400607EFF /* GTNormalTableViewCell.m */ = {isa = PBXFileReference; lastKnownFileType = sourcecode.c.objc; path = GTNormalTableViewCell.m; sourceTree = "<group>"; };
		D27438382C2D9B6000D00000 /* icon.bundle */ = {isa = PBXFileReference; lastKnownFileType = "wrapper.plug-in"; path = icon.bundle; sourceTree = "<group>"; };
		D2BF4BC62C2E915000E09AAE /* GTDetailViewController.h */ = {isa = PBXFileReference; lastKnownFileType = sourcecode.c.h; path = GTDetailViewController.h; sourceTree = "<group>"; };
		D2BF4BC72C2E915000E09AAE /* GTDetailViewController.m */ = {isa = PBXFileReference; lastKnownFileType = sourcecode.c.objc; path = GTDetailViewController.m; sourceTree = "<group>"; };
		D2BF4BCD2C2ED01800E09AAE /* GTDeleteCellView.h */ = {isa = PBXFileReference; lastKnownFileType = sourcecode.c.h; path = GTDeleteCellView.h; sourceTree = "<group>"; };
		D2BF4BCE2C2ED01800E09AAE /* GTDeleteCellView.m */ = {isa = PBXFileReference; lastKnownFileType = sourcecode.c.objc; path = GTDeleteCellView.m; sourceTree = "<group>"; };
/* End PBXFileReference section */

/* Begin PBXFrameworksBuildPhase section */
		D20F130E2C2A6EC000756153 /* Frameworks */ = {
			isa = PBXFrameworksBuildPhase;
			buildActionMask = 2147483647;
			files = (
			);
			runOnlyForDeploymentPostprocessing = 0;
		};
		D20F134B2C2AD6CF00756153 /* Frameworks */ = {
			isa = PBXFrameworksBuildPhase;
			buildActionMask = 2147483647;
			files = (
			);
			runOnlyForDeploymentPostprocessing = 0;
		};
/* End PBXFrameworksBuildPhase section */

/* Begin PBXGroup section */
		D20F13082C2A6EC000756153 = {
			isa = PBXGroup;
			children = (
				D20F13132C2A6EC000756153 /* SampleAppDeprcated */,
				D20F134F2C2AD6CF00756153 /* SampleApp */,
				D20F13122C2A6EC000756153 /* Products */,
			);
			sourceTree = "<group>";
		};
		D20F13122C2A6EC000756153 /* Products */ = {
			isa = PBXGroup;
			children = (
				D20F13112C2A6EC000756153 /* SampleAppDeprcated.app */,
				D20F134E2C2AD6CF00756153 /* SampleApp.app */,
			);
			name = Products;
			sourceTree = "<group>";
		};
		D20F13132C2A6EC000756153 /* SampleAppDeprcated */ = {
			isa = PBXGroup;
			children = (
				D20F13142C2A6EC000756153 /* AppDelegate.h */,
				D20F13152C2A6EC000756153 /* AppDelegate.m */,
				D20F131A2C2A6EC000756153 /* ViewController.h */,
				D20F131B2C2A6EC000756153 /* ViewController.m */,
				D20F131D2C2A6EC000756153 /* Main.storyboard */,
				D20F13202C2A6EC200756153 /* Assets.xcassets */,
				D20F13222C2A6EC200756153 /* LaunchScreen.storyboard */,
				D20F13252C2A6EC200756153 /* Info.plist */,
				D20F13262C2A6EC200756153 /* main.m */,
			);
			path = SampleAppDeprcated;
			sourceTree = "<group>";
		};
		D20F134F2C2AD6CF00756153 /* SampleApp */ = {
			isa = PBXGroup;
			children = (
				D27438382C2D9B6000D00000 /* icon.bundle */,
				D20F13502C2AD6CF00756153 /* AppDelegate.h */,
				D20F13512C2AD6CF00756153 /* AppDelegate.m */,
				D20F13532C2AD6CF00756153 /* SceneDelegate.h */,
				D20F13542C2AD6CF00756153 /* SceneDelegate.m */,
				D20F13562C2AD6CF00756153 /* ViewController.h */,
				D20F13572C2AD6CF00756153 /* ViewController.m */,
				D20F13592C2AD6CF00756153 /* Main.storyboard */,
				D20F135C2C2AD6D000756153 /* Assets.xcassets */,
				D20F135E2C2AD6D000756153 /* LaunchScreen.storyboard */,
				D20F13612C2AD6D000756153 /* Info.plist */,
				D20F13622C2AD6D000756153 /* main.m */,
				D2143AF32C2C05BF00607EFF /* GTVideoViewController.h */,
				D2143AF42C2C05BF00607EFF /* GTVideoViewController.m */,
				D2143AF62C2C179E00607EFF /* GTRecommendViewController.h */,
				D2143AF72C2C179E00607EFF /* GTRecommendViewController.m */,
				D2143AF92C2C4EC400607EFF /* GTNormalTableViewCell.h */,
				D2143AFA2C2C4EC400607EFF /* GTNormalTableViewCell.m */,
				D2BF4BC62C2E915000E09AAE /* GTDetailViewController.h */,
				D2BF4BC72C2E915000E09AAE /* GTDetailViewController.m */,
				D2BF4BCD2C2ED01800E09AAE /* GTDeleteCellView.h */,
				D2BF4BCE2C2ED01800E09AAE /* GTDeleteCellView.m */,
			);
			path = SampleApp;
			sourceTree = "<group>";
		};
/* End PBXGroup section */

/* Begin PBXNativeTarget section */
		D20F13102C2A6EC000756153 /* SampleAppDeprcated */ = {
			isa = PBXNativeTarget;
			buildConfigurationList = D20F132A2C2A6EC200756153 /* Build configuration list for PBXNativeTarget "SampleAppDeprcated" */;
			buildPhases = (
				D20F130D2C2A6EC000756153 /* Sources */,
				D20F130E2C2A6EC000756153 /* Frameworks */,
				D20F130F2C2A6EC000756153 /* Resources */,
			);
			buildRules = (
			);
			dependencies = (
			);
			name = SampleAppDeprcated;
			productName = SampleApp;
			productReference = D20F13112C2A6EC000756153 /* SampleAppDeprcated.app */;
			productType = "com.apple.product-type.application";
		};
		D20F134D2C2AD6CF00756153 /* SampleApp */ = {
			isa = PBXNativeTarget;
			buildConfigurationList = D20F13662C2AD6D000756153 /* Build configuration list for PBXNativeTarget "SampleApp" */;
			buildPhases = (
				D20F134A2C2AD6CF00756153 /* Sources */,
				D20F134B2C2AD6CF00756153 /* Frameworks */,
				D20F134C2C2AD6CF00756153 /* Resources */,
			);
			buildRules = (
			);
			dependencies = (
			);
			name = SampleApp;
			productName = SampleApp;
			productReference = D20F134E2C2AD6CF00756153 /* SampleApp.app */;
			productType = "com.apple.product-type.application";
		};
/* End PBXNativeTarget section */

/* Begin PBXProject section */
		D20F13092C2A6EC000756153 /* Project object */ = {
			isa = PBXProject;
			attributes = {
				BuildIndependentTargetsInParallel = 1;
				LastUpgradeCheck = 1520;
				TargetAttributes = {
					D20F13102C2A6EC000756153 = {
						CreatedOnToolsVersion = 15.2;
					};
					D20F134D2C2AD6CF00756153 = {
						CreatedOnToolsVersion = 15.2;
					};
				};
			};
			buildConfigurationList = D20F130C2C2A6EC000756153 /* Build configuration list for PBXProject "SampleApp" */;
			compatibilityVersion = "Xcode 14.0";
			developmentRegion = en;
			hasScannedForEncodings = 0;
			knownRegions = (
				en,
				Base,
			);
			mainGroup = D20F13082C2A6EC000756153;
			productRefGroup = D20F13122C2A6EC000756153 /* Products */;
			projectDirPath = "";
			projectRoot = "";
			targets = (
				D20F13102C2A6EC000756153 /* SampleAppDeprcated */,
				D20F134D2C2AD6CF00756153 /* SampleApp */,
			);
		};
/* End PBXProject section */

/* Begin PBXResourcesBuildPhase section */
		D20F130F2C2A6EC000756153 /* Resources */ = {
			isa = PBXResourcesBuildPhase;
			buildActionMask = 2147483647;
			files = (
				D20F13242C2A6EC200756153 /* LaunchScreen.storyboard in Resources */,
				D20F13212C2A6EC200756153 /* Assets.xcassets in Resources */,
				D20F131F2C2A6EC000756153 /* Main.storyboard in Resources */,
			);
			runOnlyForDeploymentPostprocessing = 0;
		};
		D20F134C2C2AD6CF00756153 /* Resources */ = {
			isa = PBXResourcesBuildPhase;
			buildActionMask = 2147483647;
			files = (
				D27438392C2D9B6000D00000 /* icon.bundle in Resources */,
				D20F13602C2AD6D000756153 /* LaunchScreen.storyboard in Resources */,
				D20F135D2C2AD6D000756153 /* Assets.xcassets in Resources */,
				D20F135B2C2AD6CF00756153 /* Main.storyboard in Resources */,
			);
			runOnlyForDeploymentPostprocessing = 0;
		};
/* End PBXResourcesBuildPhase section */

/* Begin PBXSourcesBuildPhase section */
		D20F130D2C2A6EC000756153 /* Sources */ = {
			isa = PBXSourcesBuildPhase;
			buildActionMask = 2147483647;
			files = (
				D20F131C2C2A6EC000756153 /* ViewController.m in Sources */,
				D20F13162C2A6EC000756153 /* AppDelegate.m in Sources */,
				D20F13272C2A6EC200756153 /* main.m in Sources */,
			);
			runOnlyForDeploymentPostprocessing = 0;
		};
		D20F134A2C2AD6CF00756153 /* Sources */ = {
			isa = PBXSourcesBuildPhase;
			buildActionMask = 2147483647;
			files = (
				D2BF4BC82C2E915000E09AAE /* GTDetailViewController.m in Sources */,
				D2BF4BCF2C2ED01800E09AAE /* GTDeleteCellView.m in Sources */,
				D2143AFB2C2C4EC400607EFF /* GTNormalTableViewCell.m in Sources */,
				D20F13582C2AD6CF00756153 /* ViewController.m in Sources */,
				D2143AF52C2C05BF00607EFF /* GTVideoViewController.m in Sources */,
				D2143AF82C2C179E00607EFF /* GTRecommendViewController.m in Sources */,
				D20F13522C2AD6CF00756153 /* AppDelegate.m in Sources */,
				D20F13632C2AD6D000756153 /* main.m in Sources */,
				D20F13552C2AD6CF00756153 /* SceneDelegate.m in Sources */,
			);
			runOnlyForDeploymentPostprocessing = 0;
		};
/* End PBXSourcesBuildPhase section */

/* Begin PBXVariantGroup section */
		D20F131D2C2A6EC000756153 /* Main.storyboard */ = {
			isa = PBXVariantGroup;
			children = (
				D20F131E2C2A6EC000756153 /* Base */,
			);
			name = Main.storyboard;
			sourceTree = "<group>";
		};
		D20F13222C2A6EC200756153 /* LaunchScreen.storyboard */ = {
			isa = PBXVariantGroup;
			children = (
				D20F13232C2A6EC200756153 /* Base */,
			);
			name = LaunchScreen.storyboard;
			sourceTree = "<group>";
		};
		D20F13592C2AD6CF00756153 /* Main.storyboard */ = {
			isa = PBXVariantGroup;
			children = (
				D20F135A2C2AD6CF00756153 /* Base */,
			);
			name = Main.storyboard;
			sourceTree = "<group>";
		};
		D20F135E2C2AD6D000756153 /* LaunchScreen.storyboard */ = {
			isa = PBXVariantGroup;
			children = (
				D20F135F2C2AD6D000756153 /* Base */,
			);
			name = LaunchScreen.storyboard;
			sourceTree = "<group>";
		};
/* End PBXVariantGroup section */

/* Begin XCBuildConfiguration section */
		D20F13282C2A6EC200756153 /* Debug */ = {
			isa = XCBuildConfiguration;
			buildSettings = {
				ALWAYS_SEARCH_USER_PATHS = NO;
				ASSETCATALOG_COMPILER_GENERATE_SWIFT_ASSET_SYMBOL_EXTENSIONS = YES;
				CLANG_ANALYZER_NONNULL = YES;
				CLANG_ANALYZER_NUMBER_OBJECT_CONVERSION = YES_AGGRESSIVE;
				CLANG_CXX_LANGUAGE_STANDARD = "gnu++20";
				CLANG_ENABLE_MODULES = YES;
				CLANG_ENABLE_OBJC_ARC = YES;
				CLANG_ENABLE_OBJC_WEAK = YES;
				CLANG_WARN_BLOCK_CAPTURE_AUTORELEASING = YES;
				CLANG_WARN_BOOL_CONVERSION = YES;
				CLANG_WARN_COMMA = YES;
				CLANG_WARN_CONSTANT_CONVERSION = YES;
				CLANG_WARN_DEPRECATED_OBJC_IMPLEMENTATIONS = YES;
				CLANG_WARN_DIRECT_OBJC_ISA_USAGE = YES_ERROR;
				CLANG_WARN_DOCUMENTATION_COMMENTS = YES;
				CLANG_WARN_EMPTY_BODY = YES;
				CLANG_WARN_ENUM_CONVERSION = YES;
				CLANG_WARN_INFINITE_RECURSION = YES;
				CLANG_WARN_INT_CONVERSION = YES;
				CLANG_WARN_NON_LITERAL_NULL_CONVERSION = YES;
				CLANG_WARN_OBJC_IMPLICIT_RETAIN_SELF = YES;
				CLANG_WARN_OBJC_LITERAL_CONVERSION = YES;
				CLANG_WARN_OBJC_ROOT_CLASS = YES_ERROR;
				CLANG_WARN_QUOTED_INCLUDE_IN_FRAMEWORK_HEADER = YES;
				CLANG_WARN_RANGE_LOOP_ANALYSIS = YES;
				CLANG_WARN_STRICT_PROTOTYPES = YES;
				CLANG_WARN_SUSPICIOUS_MOVE = YES;
				CLANG_WARN_UNGUARDED_AVAILABILITY = YES_AGGRESSIVE;
				CLANG_WARN_UNREACHABLE_CODE = YES;
				CLANG_WARN__DUPLICATE_METHOD_MATCH = YES;
				COPY_PHASE_STRIP = NO;
				DEBUG_INFORMATION_FORMAT = dwarf;
				ENABLE_STRICT_OBJC_MSGSEND = YES;
				ENABLE_TESTABILITY = YES;
				ENABLE_USER_SCRIPT_SANDBOXING = YES;
				GCC_C_LANGUAGE_STANDARD = gnu17;
				GCC_DYNAMIC_NO_PIC = NO;
				GCC_NO_COMMON_BLOCKS = YES;
				GCC_OPTIMIZATION_LEVEL = 0;
				GCC_PREPROCESSOR_DEFINITIONS = (
					"DEBUG=1",
					"$(inherited)",
				);
				GCC_WARN_64_TO_32_BIT_CONVERSION = YES;
				GCC_WARN_ABOUT_RETURN_TYPE = YES_ERROR;
				GCC_WARN_UNDECLARED_SELECTOR = YES;
				GCC_WARN_UNINITIALIZED_AUTOS = YES_AGGRESSIVE;
				GCC_WARN_UNUSED_FUNCTION = YES;
				GCC_WARN_UNUSED_VARIABLE = YES;
				IPHONEOS_DEPLOYMENT_TARGET = 17.2;
				LOCALIZATION_PREFERS_STRING_CATALOGS = YES;
				MTL_ENABLE_DEBUG_INFO = INCLUDE_SOURCE;
				MTL_FAST_MATH = YES;
				ONLY_ACTIVE_ARCH = YES;
				SDKROOT = iphoneos;
			};
			name = Debug;
		};
		D20F13292C2A6EC200756153 /* Release */ = {
			isa = XCBuildConfiguration;
			buildSettings = {
				ALWAYS_SEARCH_USER_PATHS = NO;
				ASSETCATALOG_COMPILER_GENERATE_SWIFT_ASSET_SYMBOL_EXTENSIONS = YES;
				CLANG_ANALYZER_NONNULL = YES;
				CLANG_ANALYZER_NUMBER_OBJECT_CONVERSION = YES_AGGRESSIVE;
				CLANG_CXX_LANGUAGE_STANDARD = "gnu++20";
				CLANG_ENABLE_MODULES = YES;
				CLANG_ENABLE_OBJC_ARC = YES;
				CLANG_ENABLE_OBJC_WEAK = YES;
				CLANG_WARN_BLOCK_CAPTURE_AUTORELEASING = YES;
				CLANG_WARN_BOOL_CONVERSION = YES;
				CLANG_WARN_COMMA = YES;
				CLANG_WARN_CONSTANT_CONVERSION = YES;
				CLANG_WARN_DEPRECATED_OBJC_IMPLEMENTATIONS = YES;
				CLANG_WARN_DIRECT_OBJC_ISA_USAGE = YES_ERROR;
				CLANG_WARN_DOCUMENTATION_COMMENTS = YES;
				CLANG_WARN_EMPTY_BODY = YES;
				CLANG_WARN_ENUM_CONVERSION = YES;
				CLANG_WARN_INFINITE_RECURSION = YES;
				CLANG_WARN_INT_CONVERSION = YES;
				CLANG_WARN_NON_LITERAL_NULL_CONVERSION = YES;
				CLANG_WARN_OBJC_IMPLICIT_RETAIN_SELF = YES;
				CLANG_WARN_OBJC_LITERAL_CONVERSION = YES;
				CLANG_WARN_OBJC_ROOT_CLASS = YES_ERROR;
				CLANG_WARN_QUOTED_INCLUDE_IN_FRAMEWORK_HEADER = YES;
				CLANG_WARN_RANGE_LOOP_ANALYSIS = YES;
				CLANG_WARN_STRICT_PROTOTYPES = YES;
				CLANG_WARN_SUSPICIOUS_MOVE = YES;
				CLANG_WARN_UNGUARDED_AVAILABILITY = YES_AGGRESSIVE;
				CLANG_WARN_UNREACHABLE_CODE = YES;
				CLANG_WARN__DUPLICATE_METHOD_MATCH = YES;
				COPY_PHASE_STRIP = NO;
				DEBUG_INFORMATION_FORMAT = "dwarf-with-dsym";
				ENABLE_NS_ASSERTIONS = NO;
				ENABLE_STRICT_OBJC_MSGSEND = YES;
				ENABLE_USER_SCRIPT_SANDBOXING = YES;
				GCC_C_LANGUAGE_STANDARD = gnu17;
				GCC_NO_COMMON_BLOCKS = YES;
				GCC_WARN_64_TO_32_BIT_CONVERSION = YES;
				GCC_WARN_ABOUT_RETURN_TYPE = YES_ERROR;
				GCC_WARN_UNDECLARED_SELECTOR = YES;
				GCC_WARN_UNINITIALIZED_AUTOS = YES_AGGRESSIVE;
				GCC_WARN_UNUSED_FUNCTION = YES;
				GCC_WARN_UNUSED_VARIABLE = YES;
				IPHONEOS_DEPLOYMENT_TARGET = 17.2;
				LOCALIZATION_PREFERS_STRING_CATALOGS = YES;
				MTL_ENABLE_DEBUG_INFO = NO;
				MTL_FAST_MATH = YES;
				SDKROOT = iphoneos;
				VALIDATE_PRODUCT = YES;
			};
			name = Release;
		};
		D20F132B2C2A6EC200756153 /* Debug */ = {
			isa = XCBuildConfiguration;
			buildSettings = {
				ASSETCATALOG_COMPILER_APPICON_NAME = AppIcon;
				ASSETCATALOG_COMPILER_GLOBAL_ACCENT_COLOR_NAME = AccentColor;
				CODE_SIGN_STYLE = Automatic;
				CURRENT_PROJECT_VERSION = 1;
				GENERATE_INFOPLIST_FILE = YES;
				INFOPLIST_FILE = SampleApp/Info.plist;
				INFOPLIST_KEY_UIApplicationSupportsIndirectInputEvents = YES;
				INFOPLIST_KEY_UILaunchStoryboardName = LaunchScreen;
				INFOPLIST_KEY_UIMainStoryboardFile = Main;
				INFOPLIST_KEY_UISupportedInterfaceOrientations_iPad = "UIInterfaceOrientationPortrait UIInterfaceOrientationPortraitUpsideDown UIInterfaceOrientationLandscapeLeft UIInterfaceOrientationLandscapeRight";
				INFOPLIST_KEY_UISupportedInterfaceOrientations_iPhone = "UIInterfaceOrientationPortrait UIInterfaceOrientationLandscapeLeft UIInterfaceOrientationLandscapeRight";
				LD_RUNPATH_SEARCH_PATHS = (
					"$(inherited)",
					"@executable_path/Frameworks",
				);
				MARKETING_VERSION = 1.0;
				PRODUCT_BUNDLE_IDENTIFIER = com.Francoling.SampleApp;
				PRODUCT_NAME = "$(TARGET_NAME)";
				SWIFT_EMIT_LOC_STRINGS = YES;
				TARGETED_DEVICE_FAMILY = "1,2";
			};
			name = Debug;
		};
		D20F132C2C2A6EC200756153 /* Release */ = {
			isa = XCBuildConfiguration;
			buildSettings = {
				ASSETCATALOG_COMPILER_APPICON_NAME = AppIcon;
				ASSETCATALOG_COMPILER_GLOBAL_ACCENT_COLOR_NAME = AccentColor;
				CODE_SIGN_STYLE = Automatic;
				CURRENT_PROJECT_VERSION = 1;
				GENERATE_INFOPLIST_FILE = YES;
				INFOPLIST_FILE = SampleApp/Info.plist;
				INFOPLIST_KEY_UIApplicationSupportsIndirectInputEvents = YES;
				INFOPLIST_KEY_UILaunchStoryboardName = LaunchScreen;
				INFOPLIST_KEY_UIMainStoryboardFile = Main;
				INFOPLIST_KEY_UISupportedInterfaceOrientations_iPad = "UIInterfaceOrientationPortrait UIInterfaceOrientationPortraitUpsideDown UIInterfaceOrientationLandscapeLeft UIInterfaceOrientationLandscapeRight";
				INFOPLIST_KEY_UISupportedInterfaceOrientations_iPhone = "UIInterfaceOrientationPortrait UIInterfaceOrientationLandscapeLeft UIInterfaceOrientationLandscapeRight";
				LD_RUNPATH_SEARCH_PATHS = (
					"$(inherited)",
					"@executable_path/Frameworks",
				);
				MARKETING_VERSION = 1.0;
				PRODUCT_BUNDLE_IDENTIFIER = com.Francoling.SampleApp;
				PRODUCT_NAME = "$(TARGET_NAME)";
				SWIFT_EMIT_LOC_STRINGS = YES;
				TARGETED_DEVICE_FAMILY = "1,2";
			};
			name = Release;
		};
		D20F13642C2AD6D000756153 /* Debug */ = {
			isa = XCBuildConfiguration;
			buildSettings = {
				ASSETCATALOG_COMPILER_APPICON_NAME = AppIcon;
				ASSETCATALOG_COMPILER_GLOBAL_ACCENT_COLOR_NAME = AccentColor;
				CODE_SIGN_STYLE = Automatic;
				CURRENT_PROJECT_VERSION = 1;
				GENERATE_INFOPLIST_FILE = YES;
				INFOPLIST_FILE = SampleApp/Info.plist;
				INFOPLIST_KEY_UIApplicationSupportsIndirectInputEvents = YES;
				INFOPLIST_KEY_UILaunchStoryboardName = LaunchScreen;
				INFOPLIST_KEY_UIMainStoryboardFile = Main;
				INFOPLIST_KEY_UISupportedInterfaceOrientations_iPad = "UIInterfaceOrientationPortrait UIInterfaceOrientationPortraitUpsideDown UIInterfaceOrientationLandscapeLeft UIInterfaceOrientationLandscapeRight";
				INFOPLIST_KEY_UISupportedInterfaceOrientations_iPhone = "UIInterfaceOrientationPortrait UIInterfaceOrientationLandscapeLeft UIInterfaceOrientationLandscapeRight";
				LD_RUNPATH_SEARCH_PATHS = (
					"$(inherited)",
					"@executable_path/Frameworks",
				);
				MARKETING_VERSION = 1.0;
				PRODUCT_BUNDLE_IDENTIFIER = com.Francoling.SampleApp;
				PRODUCT_NAME = "$(TARGET_NAME)";
				SWIFT_EMIT_LOC_STRINGS = YES;
				TARGETED_DEVICE_FAMILY = "1,2";
			};
			name = Debug;
		};
		D20F13652C2AD6D000756153 /* Release */ = {
			isa = XCBuildConfiguration;
			buildSettings = {
				ASSETCATALOG_COMPILER_APPICON_NAME = AppIcon;
				ASSETCATALOG_COMPILER_GLOBAL_ACCENT_COLOR_NAME = AccentColor;
				CODE_SIGN_STYLE = Automatic;
				CURRENT_PROJECT_VERSION = 1;
				GENERATE_INFOPLIST_FILE = YES;
				INFOPLIST_FILE = SampleApp/Info.plist;
				INFOPLIST_KEY_UIApplicationSupportsIndirectInputEvents = YES;
				INFOPLIST_KEY_UILaunchStoryboardName = LaunchScreen;
				INFOPLIST_KEY_UIMainStoryboardFile = Main;
				INFOPLIST_KEY_UISupportedInterfaceOrientations_iPad = "UIInterfaceOrientationPortrait UIInterfaceOrientationPortraitUpsideDown UIInterfaceOrientationLandscapeLeft UIInterfaceOrientationLandscapeRight";
				INFOPLIST_KEY_UISupportedInterfaceOrientations_iPhone = "UIInterfaceOrientationPortrait UIInterfaceOrientationLandscapeLeft UIInterfaceOrientationLandscapeRight";
				LD_RUNPATH_SEARCH_PATHS = (
					"$(inherited)",
					"@executable_path/Frameworks",
				);
				MARKETING_VERSION = 1.0;
				PRODUCT_BUNDLE_IDENTIFIER = com.Francoling.SampleApp;
				PRODUCT_NAME = "$(TARGET_NAME)";
				SWIFT_EMIT_LOC_STRINGS = YES;
				TARGETED_DEVICE_FAMILY = "1,2";
			};
			name = Release;
		};
/* End XCBuildConfiguration section */

/* Begin XCConfigurationList section */
		D20F130C2C2A6EC000756153 /* Build configuration list for PBXProject "SampleApp" */ = {
			isa = XCConfigurationList;
			buildConfigurations = (
				D20F13282C2A6EC200756153 /* Debug */,
				D20F13292C2A6EC200756153 /* Release */,
			);
			defaultConfigurationIsVisible = 0;
			defaultConfigurationName = Release;
		};
		D20F132A2C2A6EC200756153 /* Build configuration list for PBXNativeTarget "SampleAppDeprcated" */ = {
			isa = XCConfigurationList;
			buildConfigurations = (
				D20F132B2C2A6EC200756153 /* Debug */,
				D20F132C2C2A6EC200756153 /* Release */,
			);
			defaultConfigurationIsVisible = 0;
			defaultConfigurationName = Release;
		};
		D20F13662C2AD6D000756153 /* Build configuration list for PBXNativeTarget "SampleApp" */ = {
			isa = XCConfigurationList;
			buildConfigurations = (
				D20F13642C2AD6D000756153 /* Debug */,
				D20F13652C2AD6D000756153 /* Release */,
			);
			defaultConfigurationIsVisible = 0;
			defaultConfigurationName = Release;
		};
/* End XCConfigurationList section */
	};
	rootObject = D20F13092C2A6EC000756153 /* Project object */;
}
